Microsoft Visual Studio Solution File, Format Version 12.00
# Visual Studio 2012
Project("{FAE04EC0-301F-11D3-BF4B-00C04F79EFBC}") = "dodge_the_creeps", "dodge_the_creeps.csproj", "{3E648A20-B809-4CDC-A8CA-E9FBCE1723E3}"
EndProject
Global
	GlobalSection(SolutionConfigurationPlatforms) = preSolution
	Debug|Any CPU = Debug|Any CPU
	ExportDebug|Any CPU = ExportDebug|Any CPU
	ExportRelease|Any CPU = ExportRelease|Any CPU
	EndGlobalSection
	GlobalSection(ProjectConfigurationPlatforms) = postSolution
		{3E648A20-B809-4CDC-A8CA-E9FBCE1723E3}.Debug|Any CPU.ActiveCfg = Debug|Any CPU
		{3E648A20-B809-4CDC-A8CA-E9FBCE1723E3}.Debug|Any CPU.Build.0 = Debug|Any CPU
		{3E648A20-B809-4CDC-A8CA-E9FBCE1723E3}.ExportDebug|Any CPU.ActiveCfg = ExportDebug|Any CPU
		{3E648A20-B809-4CDC-A8CA-E9FBCE1723E3}.ExportDebug|Any CPU.Build.0 = ExportDebug|Any CPU
		{3E648A20-B809-4CDC-A8CA-E9FBCE1723E3}.ExportRelease|Any CPU.ActiveCfg = ExportRelease|Any CPU
		{3E648A20-B809-4CDC-A8CA-E9FBCE1723E3}.ExportRelease|Any CPU.Build.0 = ExportRelease|Any CPU
	EndGlobalSection
EndGlobal
